
Microsoft Visual Studio Solution File, Format Version 12.00
# Visual Studio Version 17
VisualStudioVersion = 17.6.33815.320
MinimumVisualStudioVersion = 10.0.40219.1
Project("{FAE04EC0-301F-11D3-BF4B-00C04F79EFBC}") = "ATM", "ATM.csproj", "{EACE7523-3728-4F92-91F5-C632275C3CE3}"
EndProject
Global
	GlobalSection(SolutionConfigurationPlatforms) = preSolution
		Debug|Any CPU = Debug|Any CPU
		Release|Any CPU = Release|Any CPU
	EndGlobalSection
	GlobalSection(ProjectConfigurationPlatforms) = postSolution
		{EACE7523-3728-4F92-91F5-C632275C3CE3}.Debug|Any CPU.ActiveCfg = Debug|Any CPU
		{EACE7523-3728-4F92-91F5-C632275C3CE3}.Debug|Any CPU.Build.0 = Debug|Any CPU
		{EACE7523-3728-4F92-91F5-C632275C3CE3}.Release|Any CPU.ActiveCfg = Release|Any CPU
		{EACE7523-3728-4F92-91F5-C632275C3CE3}.Release|Any CPU.Build.0 = Release|Any CPU
	EndGlobalSection
	GlobalSection(SolutionProperties) = preSolution
		HideSolutionNode = FALSE
	EndGlobalSection
	GlobalSection(ExtensibilityGlobals) = postSolution
		SolutionGuid = {2E76B22D-8944-4B92-9474-48025F368490}
	EndGlobalSection
EndGlobal
